
Microsoft Visual Studio Solution File, Format Version 12.00
# Visual Studio Version 17
VisualStudioVersion = 17.0.31903.59
MinimumVisualStudioVersion = 10.0.40219.1
Project("{2150E333-8FDC-42A3-9474-1A3956D46DE8}") = "src", "src", "{04020861-1A30-4BC4-92C9-124B191A13DD}"
EndProject
Project("{FAE04EC0-301F-11D3-BF4B-00C04F79EFBC}") = "DoneDay.Core", "src\DoneDay.Core\DoneDay.Core.csproj", "{BFCD50FF-C79C-459D-9B9F-00020E1693C8}"
EndProject
Project("{FAE04EC0-301F-11D3-BF4B-00C04F79EFBC}") = "DoneDay.Infrastructure", "src\DoneDay.Infrastructure\DoneDay.Infrastructure.csproj", "{7A0A347E-6F75-441C-95D9-D84398682CCA}"
EndProject
Project("{FAE04EC0-301F-11D3-BF4B-00C04F79EFBC}") = "DoneDay.API", "src\DoneDay.API\DoneDay.API.csproj", "{7FED2D4B-9210-4AE8-9E85-9CA765B21B11}"
EndProject
Global
	GlobalSection(SolutionConfigurationPlatforms) = preSolution
		Debug|Any CPU = Debug|Any CPU
		Release|Any CPU = Release|Any CPU
	EndGlobalSection
	GlobalSection(SolutionProperties) = preSolution
		HideSolutionNode = FALSE
	EndGlobalSection
	GlobalSection(ProjectConfigurationPlatforms) = postSolution
		{BFCD50FF-C79C-459D-9B9F-00020E1693C8}.Debug|Any CPU.ActiveCfg = Debug|Any CPU
		{BFCD50FF-C79C-459D-9B9F-00020E1693C8}.Debug|Any CPU.Build.0 = Debug|Any CPU
		{BFCD50FF-C79C-459D-9B9F-00020E1693C8}.Release|Any CPU.ActiveCfg = Release|Any CPU
		{BFCD50FF-C79C-459D-9B9F-00020E1693C8}.Release|Any CPU.Build.0 = Release|Any CPU
		{7A0A347E-6F75-441C-95D9-D84398682CCA}.Debug|Any CPU.ActiveCfg = Debug|Any CPU
		{7A0A347E-6F75-441C-95D9-D84398682CCA}.Debug|Any CPU.Build.0 = Debug|Any CPU
		{7A0A347E-6F75-441C-95D9-D84398682CCA}.Release|Any CPU.ActiveCfg = Release|Any CPU
		{7A0A347E-6F75-441C-95D9-D84398682CCA}.Release|Any CPU.Build.0 = Release|Any CPU
		{7FED2D4B-9210-4AE8-9E85-9CA765B21B11}.Debug|Any CPU.ActiveCfg = Debug|Any CPU
		{7FED2D4B-9210-4AE8-9E85-9CA765B21B11}.Debug|Any CPU.Build.0 = Debug|Any CPU
		{7FED2D4B-9210-4AE8-9E85-9CA765B21B11}.Release|Any CPU.ActiveCfg = Release|Any CPU
		{7FED2D4B-9210-4AE8-9E85-9CA765B21B11}.Release|Any CPU.Build.0 = Release|Any CPU
	EndGlobalSection
	GlobalSection(NestedProjects) = preSolution
		{BFCD50FF-C79C-459D-9B9F-00020E1693C8} = {04020861-1A30-4BC4-92C9-124B191A13DD}
		{7A0A347E-6F75-441C-95D9-D84398682CCA} = {04020861-1A30-4BC4-92C9-124B191A13DD}
		{7FED2D4B-9210-4AE8-9E85-9CA765B21B11} = {04020861-1A30-4BC4-92C9-124B191A13DD}
	EndGlobalSection
EndGlobal
